
Microsoft Visual Studio Solution File, Format Version 11.00
# Visual Studio 2010
Project("{FAE04EC0-301F-11D3-BF4B-00C04F79EFBC}") = "Bennington.Repository", "Bennington.Repository\Bennington.Repository.csproj", "{C46BBBB8-68BF-4A57-BE88-0734B26CD51C}"
EndProject
Project("{FAE04EC0-301F-11D3-BF4B-00C04F79EFBC}") = "Bennington.Cms", "Bennington.Cms\Bennington.Cms.csproj", "{FF8F2B28-E0B8-4B6E-92C2-A8FFD0A68C8A}"
EndProject
Project("{FAE04EC0-301F-11D3-BF4B-00C04F79EFBC}") = "Bennington.Core", "Bennington.Core\Bennington.Core.csproj", "{AAB424EE-5CFA-42BE-9F9A-2350C5C8E715}"
EndProject
Project("{FAE04EC0-301F-11D3-BF4B-00C04F79EFBC}") = "Bennington.AdminAccounts.Specs", "Bennington.AdminAccounts.Specs\Bennington.AdminAccounts.Specs.csproj", "{1E89D92C-7887-4ECA-8A06-F64F392F57C8}"
EndProject
Project("{FAE04EC0-301F-11D3-BF4B-00C04F79EFBC}") = "Bennington.Login", "Bennington.Login\Bennington.Login.csproj", "{7DBAF057-8A9B-4EC2-B8FC-505978DA86DE}"
EndProject
Project("{FAE04EC0-301F-11D3-BF4B-00C04F79EFBC}") = "Bennington.AdminAccounts", "Bennington.AdminAccounts\Bennington.AdminAccounts.csproj", "{3CB562CE-264D-4883-8DB6-DE4782E2324E}"
EndProject
Project("{FAE04EC0-301F-11D3-BF4B-00C04F79EFBC}") = "Bennington.ContentTree", "Bennington.ContentTree\Bennington.ContentTree.csproj", "{97981EC9-A1C5-460E-9244-9D5C9169E47F}"
EndProject
Project("{FAE04EC0-301F-11D3-BF4B-00C04F79EFBC}") = "Bennington.ContentTree.Domain", "Bennington.ContentTree.Domain\Bennington.ContentTree.Domain.csproj", "{9F36EE92-6F9A-4C57-AA4B-81328423D0DA}"
EndProject
Project("{FAE04EC0-301F-11D3-BF4B-00C04F79EFBC}") = "Bennington.ContentTree.Providers.ContentNodeProvider", "Bennington.ContentTree.Providers.ContentNodeProvider\Bennington.ContentTree.Providers.ContentNodeProvider.csproj", "{BA1AC304-5E93-4EE3-ACE1-E1E2DEC5C93D}"
EndProject
Project("{FAE04EC0-301F-11D3-BF4B-00C04F79EFBC}") = "Bennington.ContentTree.TreeManager", "Bennington.ContentTree.TreeManager\Bennington.ContentTree.TreeManager.csproj", "{5440F3E1-26AD-4355-875B-50ABF7484181}"
EndProject
Project("{FAE04EC0-301F-11D3-BF4B-00C04F79EFBC}") = "Bennington.ContentTree.Providers.SectionNodeProvider", "Bennington.ContentTree.Providers.SectionNodeProvider\Bennington.ContentTree.Providers.SectionNodeProvider.csproj", "{F5B06173-0873-4E7E-BBD5-9F58D69E077F}"
EndProject
Project("{FAE04EC0-301F-11D3-BF4B-00C04F79EFBC}") = "Bennington.ContentTree.Providers.ToolLinkNodeProvider", "Bennington.ContentTree.Providers.ToolLinkNodeProvider\Bennington.ContentTree.Providers.ToolLinkNodeProvider.csproj", "{BD01E5D0-D160-4E39-B18B-61D2B375977B}"
EndProject
Project("{FAE04EC0-301F-11D3-BF4B-00C04F79EFBC}") = "SampleFeature", "SampleFeature\SampleFeature.csproj", "{0124D513-5EBF-4CA9-9DA4-EC0A75E0C629}"
EndProject
Project("{2150E333-8FDC-42A3-9474-1A3956D46DE8}") = "Samples", "Samples", "{DECE7245-2CB4-4F20-86DB-28FC05BFF23A}"
EndProject
Project("{FAE04EC0-301F-11D3-BF4B-00C04F79EFBC}") = "Bennington.Cms.PrincipalProvider", "Bennington.Cms.PrincipalProvider\Bennington.Cms.PrincipalProvider.csproj", "{BE0B07EB-DEA9-4CA0-9D0D-E6892A1453B3}"
EndProject
Project("{FAE04EC0-301F-11D3-BF4B-00C04F79EFBC}") = "Bennington.Cms.PrincipalProvider.Tests", "Bennington.Cms.PrincipalProvider.Tests\Bennington.Cms.PrincipalProvider.Tests.csproj", "{13111C4F-BEC5-431F-802E-B1286E5EE348}"
EndProject
Project("{FAE04EC0-301F-11D3-BF4B-00C04F79EFBC}") = "Bennington.Cms.Tests", "Bennington.Cms.Tests\Bennington.Cms.Tests.csproj", "{474349E9-716F-4336-8BBC-4D62346731A7}"
EndProject
Project("{FAE04EC0-301F-11D3-BF4B-00C04F79EFBC}") = "Bennington.ContentTree.Providers.ContentNodeProvider.Tests", "Bennington.ContentTree.Providers.ContentNodeProvider.Tests\Bennington.ContentTree.Providers.ContentNodeProvider.Tests.csproj", "{F6D3D7F4-4970-4CA5-AFFD-D2D2E7B669EA}"
EndProject
Project("{FAE04EC0-301F-11D3-BF4B-00C04F79EFBC}") = "Bennington.ContentTree.Providers.SectionNodeProvider.Tests", "Bennington.ContentTree.Providers.SectionNodeProvider.Tests\Bennington.ContentTree.Providers.SectionNodeProvider.Tests.csproj", "{1C063A2E-BFF8-4D6F-B213-DE61DF65B133}"
EndProject
Project("{FAE04EC0-301F-11D3-BF4B-00C04F79EFBC}") = "Bennington.ContentTree.TreeManager.Tests", "Bennington.ContentTree.TreeManager.Tests\Bennington.ContentTree.TreeManager.Tests.csproj", "{EA7FC590-DDE5-47E6-B906-D5E6666F8F1F}"
EndProject
Project("{FAE04EC0-301F-11D3-BF4B-00C04F79EFBC}") = "Bennington.Login.Tests", "Bennington.Login.Tests\Bennington.Login.Tests.csproj", "{70E472B0-B8F2-4EC6-9791-69379128DC90}"
EndProject
Project("{FAE04EC0-301F-11D3-BF4B-00C04F79EFBC}") = "Bennington.ContentTree.Providers.ToolLinkNodeProvider.Tests", "Bennington.ContentTree.Providers.ToolLinkNodeProvider.Tests\Bennington.ContentTree.Providers.ToolLinkNodeProvider.Tests.csproj", "{004B9AE0-CDE2-43B3-8BC2-BD5C6346F0DE}"
EndProject
Project("{FAE04EC0-301F-11D3-BF4B-00C04F79EFBC}") = "Bennington.ContentTree.Tests", "Bennington.ContentTree.Tests\Bennington.ContentTree.Tests.csproj", "{06B21D4A-7480-4AD3-8112-B09B73B80573}"
EndProject
Project("{FAE04EC0-301F-11D3-BF4B-00C04F79EFBC}") = "Bennington.Core.Tests", "Bennington.Core.Tests\Bennington.Core.Tests.csproj", "{39B12768-97F9-4521-BD44-25C261CA3FFB}"
EndProject
Project("{FAE04EC0-301F-11D3-BF4B-00C04F79EFBC}") = "SampleContentWebsite", "SampleContentWebsite\SampleContentWebsite.csproj", "{78192D6F-A8DF-43E0-B3BA-DD25AE1EA2A4}"
EndProject
Project("{FAE04EC0-301F-11D3-BF4B-00C04F79EFBC}") = "SampleCmsWebsite", "SampleCmsWebsite\SampleCmsWebsite.csproj", "{45E3DF26-F5F8-41D5-83A0-AA97A69148BE}"
EndProject
Project("{2150E333-8FDC-42A3-9474-1A3956D46DE8}") = "ContentTree", "ContentTree", "{19B2F7CC-EDAF-4D63-96C8-7B48EF7615C3}"
EndProject
Project("{2150E333-8FDC-42A3-9474-1A3956D46DE8}") = "Admin", "Admin", "{B679C529-9168-4DBA-B1E9-A2ACF41F73B9}"
EndProject
Project("{2150E333-8FDC-42A3-9474-1A3956D46DE8}") = "Login", "Login", "{63E8107F-6D88-4104-B877-0640262ACE32}"
EndProject
Global
	GlobalSection(TestCaseManagementSettings) = postSolution
		CategoryFile = Bennington.vsmdi
	EndGlobalSection
	GlobalSection(SolutionConfigurationPlatforms) = preSolution
		Debug|Any CPU = Debug|Any CPU
		Release|Any CPU = Release|Any CPU
	EndGlobalSection
	GlobalSection(ProjectConfigurationPlatforms) = postSolution
		{C46BBBB8-68BF-4A57-BE88-0734B26CD51C}.Debug|Any CPU.ActiveCfg = Debug|Any CPU
		{C46BBBB8-68BF-4A57-BE88-0734B26CD51C}.Debug|Any CPU.Build.0 = Debug|Any CPU
		{C46BBBB8-68BF-4A57-BE88-0734B26CD51C}.Release|Any CPU.ActiveCfg = Release|Any CPU
		{C46BBBB8-68BF-4A57-BE88-0734B26CD51C}.Release|Any CPU.Build.0 = Release|Any CPU
		{FF8F2B28-E0B8-4B6E-92C2-A8FFD0A68C8A}.Debug|Any CPU.ActiveCfg = Debug|Any CPU
		{FF8F2B28-E0B8-4B6E-92C2-A8FFD0A68C8A}.Debug|Any CPU.Build.0 = Debug|Any CPU
		{FF8F2B28-E0B8-4B6E-92C2-A8FFD0A68C8A}.Release|Any CPU.ActiveCfg = Release|Any CPU
		{FF8F2B28-E0B8-4B6E-92C2-A8FFD0A68C8A}.Release|Any CPU.Build.0 = Release|Any CPU
		{AAB424EE-5CFA-42BE-9F9A-2350C5C8E715}.Debug|Any CPU.ActiveCfg = Debug|Any CPU
		{AAB424EE-5CFA-42BE-9F9A-2350C5C8E715}.Debug|Any CPU.Build.0 = Debug|Any CPU
		{AAB424EE-5CFA-42BE-9F9A-2350C5C8E715}.Release|Any CPU.ActiveCfg = Release|Any CPU
		{AAB424EE-5CFA-42BE-9F9A-2350C5C8E715}.Release|Any CPU.Build.0 = Release|Any CPU
		{1E89D92C-7887-4ECA-8A06-F64F392F57C8}.Debug|Any CPU.ActiveCfg = Debug|Any CPU
		{1E89D92C-7887-4ECA-8A06-F64F392F57C8}.Debug|Any CPU.Build.0 = Debug|Any CPU
		{1E89D92C-7887-4ECA-8A06-F64F392F57C8}.Release|Any CPU.ActiveCfg = Release|Any CPU
		{1E89D92C-7887-4ECA-8A06-F64F392F57C8}.Release|Any CPU.Build.0 = Release|Any CPU
		{7DBAF057-8A9B-4EC2-B8FC-505978DA86DE}.Debug|Any CPU.ActiveCfg = Debug|Any CPU
		{7DBAF057-8A9B-4EC2-B8FC-505978DA86DE}.Debug|Any CPU.Build.0 = Debug|Any CPU
		{7DBAF057-8A9B-4EC2-B8FC-505978DA86DE}.Release|Any CPU.ActiveCfg = Release|Any CPU
		{7DBAF057-8A9B-4EC2-B8FC-505978DA86DE}.Release|Any CPU.Build.0 = Release|Any CPU
		{3CB562CE-264D-4883-8DB6-DE4782E2324E}.Debug|Any CPU.ActiveCfg = Debug|Any CPU
		{3CB562CE-264D-4883-8DB6-DE4782E2324E}.Debug|Any CPU.Build.0 = Debug|Any CPU
		{3CB562CE-264D-4883-8DB6-DE4782E2324E}.Release|Any CPU.ActiveCfg = Release|Any CPU
		{3CB562CE-264D-4883-8DB6-DE4782E2324E}.Release|Any CPU.Build.0 = Release|Any CPU
		{97981EC9-A1C5-460E-9244-9D5C9169E47F}.Debug|Any CPU.ActiveCfg = Debug|Any CPU
		{97981EC9-A1C5-460E-9244-9D5C9169E47F}.Debug|Any CPU.Build.0 = Debug|Any CPU
		{97981EC9-A1C5-460E-9244-9D5C9169E47F}.Release|Any CPU.ActiveCfg = Release|Any CPU
		{97981EC9-A1C5-460E-9244-9D5C9169E47F}.Release|Any CPU.Build.0 = Release|Any CPU
		{9F36EE92-6F9A-4C57-AA4B-81328423D0DA}.Debug|Any CPU.ActiveCfg = Debug|Any CPU
		{9F36EE92-6F9A-4C57-AA4B-81328423D0DA}.Debug|Any CPU.Build.0 = Debug|Any CPU
		{9F36EE92-6F9A-4C57-AA4B-81328423D0DA}.Release|Any CPU.ActiveCfg = Release|Any CPU
		{9F36EE92-6F9A-4C57-AA4B-81328423D0DA}.Release|Any CPU.Build.0 = Release|Any CPU
		{BA1AC304-5E93-4EE3-ACE1-E1E2DEC5C93D}.Debug|Any CPU.ActiveCfg = Debug|Any CPU
		{BA1AC304-5E93-4EE3-ACE1-E1E2DEC5C93D}.Debug|Any CPU.Build.0 = Debug|Any CPU
		{BA1AC304-5E93-4EE3-ACE1-E1E2DEC5C93D}.Release|Any CPU.ActiveCfg = Release|Any CPU
		{BA1AC304-5E93-4EE3-ACE1-E1E2DEC5C93D}.Release|Any CPU.Build.0 = Release|Any CPU
		{5440F3E1-26AD-4355-875B-50ABF7484181}.Debug|Any CPU.ActiveCfg = Debug|Any CPU
		{5440F3E1-26AD-4355-875B-50ABF7484181}.Debug|Any CPU.Build.0 = Debug|Any CPU
		{5440F3E1-26AD-4355-875B-50ABF7484181}.Release|Any CPU.ActiveCfg = Release|Any CPU
		{5440F3E1-26AD-4355-875B-50ABF7484181}.Release|Any CPU.Build.0 = Release|Any CPU
		{F5B06173-0873-4E7E-BBD5-9F58D69E077F}.Debug|Any CPU.ActiveCfg = Debug|Any CPU
		{F5B06173-0873-4E7E-BBD5-9F58D69E077F}.Debug|Any CPU.Build.0 = Debug|Any CPU
		{F5B06173-0873-4E7E-BBD5-9F58D69E077F}.Release|Any CPU.ActiveCfg = Release|Any CPU
		{F5B06173-0873-4E7E-BBD5-9F58D69E077F}.Release|Any CPU.Build.0 = Release|Any CPU
		{BD01E5D0-D160-4E39-B18B-61D2B375977B}.Debug|Any CPU.ActiveCfg = Debug|Any CPU
		{BD01E5D0-D160-4E39-B18B-61D2B375977B}.Debug|Any CPU.Build.0 = Debug|Any CPU
		{BD01E5D0-D160-4E39-B18B-61D2B375977B}.Release|Any CPU.ActiveCfg = Release|Any CPU
		{BD01E5D0-D160-4E39-B18B-61D2B375977B}.Release|Any CPU.Build.0 = Release|Any CPU
		{0124D513-5EBF-4CA9-9DA4-EC0A75E0C629}.Debug|Any CPU.ActiveCfg = Debug|Any CPU
		{0124D513-5EBF-4CA9-9DA4-EC0A75E0C629}.Debug|Any CPU.Build.0 = Debug|Any CPU
		{0124D513-5EBF-4CA9-9DA4-EC0A75E0C629}.Release|Any CPU.ActiveCfg = Release|Any CPU
		{0124D513-5EBF-4CA9-9DA4-EC0A75E0C629}.Release|Any CPU.Build.0 = Release|Any CPU
		{BE0B07EB-DEA9-4CA0-9D0D-E6892A1453B3}.Debug|Any CPU.ActiveCfg = Debug|Any CPU
		{BE0B07EB-DEA9-4CA0-9D0D-E6892A1453B3}.Debug|Any CPU.Build.0 = Debug|Any CPU
		{BE0B07EB-DEA9-4CA0-9D0D-E6892A1453B3}.Release|Any CPU.ActiveCfg = Release|Any CPU
		{BE0B07EB-DEA9-4CA0-9D0D-E6892A1453B3}.Release|Any CPU.Build.0 = Release|Any CPU
		{13111C4F-BEC5-431F-802E-B1286E5EE348}.Debug|Any CPU.ActiveCfg = Debug|Any CPU
		{13111C4F-BEC5-431F-802E-B1286E5EE348}.Debug|Any CPU.Build.0 = Debug|Any CPU
		{13111C4F-BEC5-431F-802E-B1286E5EE348}.Release|Any CPU.ActiveCfg = Release|Any CPU
		{13111C4F-BEC5-431F-802E-B1286E5EE348}.Release|Any CPU.Build.0 = Release|Any CPU
		{474349E9-716F-4336-8BBC-4D62346731A7}.Debug|Any CPU.ActiveCfg = Debug|Any CPU
		{474349E9-716F-4336-8BBC-4D62346731A7}.Debug|Any CPU.Build.0 = Debug|Any CPU
		{474349E9-716F-4336-8BBC-4D62346731A7}.Release|Any CPU.ActiveCfg = Release|Any CPU
		{474349E9-716F-4336-8BBC-4D62346731A7}.Release|Any CPU.Build.0 = Release|Any CPU
		{F6D3D7F4-4970-4CA5-AFFD-D2D2E7B669EA}.Debug|Any CPU.ActiveCfg = Debug|Any CPU
		{F6D3D7F4-4970-4CA5-AFFD-D2D2E7B669EA}.Debug|Any CPU.Build.0 = Debug|Any CPU
		{F6D3D7F4-4970-4CA5-AFFD-D2D2E7B669EA}.Release|Any CPU.ActiveCfg = Release|Any CPU
		{F6D3D7F4-4970-4CA5-AFFD-D2D2E7B669EA}.Release|Any CPU.Build.0 = Release|Any CPU
		{1C063A2E-BFF8-4D6F-B213-DE61DF65B133}.Debug|Any CPU.ActiveCfg = Debug|Any CPU
		{1C063A2E-BFF8-4D6F-B213-DE61DF65B133}.Debug|Any CPU.Build.0 = Debug|Any CPU
		{1C063A2E-BFF8-4D6F-B213-DE61DF65B133}.Release|Any CPU.ActiveCfg = Release|Any CPU
		{1C063A2E-BFF8-4D6F-B213-DE61DF65B133}.Release|Any CPU.Build.0 = Release|Any CPU
		{EA7FC590-DDE5-47E6-B906-D5E6666F8F1F}.Debug|Any CPU.ActiveCfg = Debug|Any CPU
		{EA7FC590-DDE5-47E6-B906-D5E6666F8F1F}.Debug|Any CPU.Build.0 = Debug|Any CPU
		{EA7FC590-DDE5-47E6-B906-D5E6666F8F1F}.Release|Any CPU.ActiveCfg = Release|Any CPU
		{EA7FC590-DDE5-47E6-B906-D5E6666F8F1F}.Release|Any CPU.Build.0 = Release|Any CPU
		{70E472B0-B8F2-4EC6-9791-69379128DC90}.Debug|Any CPU.ActiveCfg = Debug|Any CPU
		{70E472B0-B8F2-4EC6-9791-69379128DC90}.Debug|Any CPU.Build.0 = Debug|Any CPU
		{70E472B0-B8F2-4EC6-9791-69379128DC90}.Release|Any CPU.ActiveCfg = Release|Any CPU
		{70E472B0-B8F2-4EC6-9791-69379128DC90}.Release|Any CPU.Build.0 = Release|Any CPU
		{004B9AE0-CDE2-43B3-8BC2-BD5C6346F0DE}.Debug|Any CPU.ActiveCfg = Debug|Any CPU
		{004B9AE0-CDE2-43B3-8BC2-BD5C6346F0DE}.Debug|Any CPU.Build.0 = Debug|Any CPU
		{004B9AE0-CDE2-43B3-8BC2-BD5C6346F0DE}.Release|Any CPU.ActiveCfg = Release|Any CPU
		{004B9AE0-CDE2-43B3-8BC2-BD5C6346F0DE}.Release|Any CPU.Build.0 = Release|Any CPU
		{06B21D4A-7480-4AD3-8112-B09B73B80573}.Debug|Any CPU.ActiveCfg = Debug|Any CPU
		{06B21D4A-7480-4AD3-8112-B09B73B80573}.Debug|Any CPU.Build.0 = Debug|Any CPU
		{06B21D4A-7480-4AD3-8112-B09B73B80573}.Release|Any CPU.ActiveCfg = Release|Any CPU
		{06B21D4A-7480-4AD3-8112-B09B73B80573}.Release|Any CPU.Build.0 = Release|Any CPU
		{39B12768-97F9-4521-BD44-25C261CA3FFB}.Debug|Any CPU.ActiveCfg = Debug|Any CPU
		{39B12768-97F9-4521-BD44-25C261CA3FFB}.Debug|Any CPU.Build.0 = Debug|Any CPU
		{39B12768-97F9-4521-BD44-25C261CA3FFB}.Release|Any CPU.ActiveCfg = Release|Any CPU
		{39B12768-97F9-4521-BD44-25C261CA3FFB}.Release|Any CPU.Build.0 = Release|Any CPU
		{78192D6F-A8DF-43E0-B3BA-DD25AE1EA2A4}.Debug|Any CPU.ActiveCfg = Debug|Any CPU
		{78192D6F-A8DF-43E0-B3BA-DD25AE1EA2A4}.Debug|Any CPU.Build.0 = Debug|Any CPU
		{78192D6F-A8DF-43E0-B3BA-DD25AE1EA2A4}.Release|Any CPU.ActiveCfg = Release|Any CPU
		{78192D6F-A8DF-43E0-B3BA-DD25AE1EA2A4}.Release|Any CPU.Build.0 = Release|Any CPU
		{45E3DF26-F5F8-41D5-83A0-AA97A69148BE}.Debug|Any CPU.ActiveCfg = Debug|Any CPU
		{45E3DF26-F5F8-41D5-83A0-AA97A69148BE}.Debug|Any CPU.Build.0 = Debug|Any CPU
		{45E3DF26-F5F8-41D5-83A0-AA97A69148BE}.Release|Any CPU.ActiveCfg = Release|Any CPU
		{45E3DF26-F5F8-41D5-83A0-AA97A69148BE}.Release|Any CPU.Build.0 = Release|Any CPU
	EndGlobalSection
	GlobalSection(SolutionProperties) = preSolution
		HideSolutionNode = FALSE
	EndGlobalSection
	GlobalSection(NestedProjects) = preSolution
		{0124D513-5EBF-4CA9-9DA4-EC0A75E0C629} = {DECE7245-2CB4-4F20-86DB-28FC05BFF23A}
		{78192D6F-A8DF-43E0-B3BA-DD25AE1EA2A4} = {DECE7245-2CB4-4F20-86DB-28FC05BFF23A}
		{45E3DF26-F5F8-41D5-83A0-AA97A69148BE} = {DECE7245-2CB4-4F20-86DB-28FC05BFF23A}
		{EA7FC590-DDE5-47E6-B906-D5E6666F8F1F} = {19B2F7CC-EDAF-4D63-96C8-7B48EF7615C3}
		{97981EC9-A1C5-460E-9244-9D5C9169E47F} = {19B2F7CC-EDAF-4D63-96C8-7B48EF7615C3}
		{9F36EE92-6F9A-4C57-AA4B-81328423D0DA} = {19B2F7CC-EDAF-4D63-96C8-7B48EF7615C3}
		{BA1AC304-5E93-4EE3-ACE1-E1E2DEC5C93D} = {19B2F7CC-EDAF-4D63-96C8-7B48EF7615C3}
		{F6D3D7F4-4970-4CA5-AFFD-D2D2E7B669EA} = {19B2F7CC-EDAF-4D63-96C8-7B48EF7615C3}
		{F5B06173-0873-4E7E-BBD5-9F58D69E077F} = {19B2F7CC-EDAF-4D63-96C8-7B48EF7615C3}
		{1C063A2E-BFF8-4D6F-B213-DE61DF65B133} = {19B2F7CC-EDAF-4D63-96C8-7B48EF7615C3}
		{BD01E5D0-D160-4E39-B18B-61D2B375977B} = {19B2F7CC-EDAF-4D63-96C8-7B48EF7615C3}
		{004B9AE0-CDE2-43B3-8BC2-BD5C6346F0DE} = {19B2F7CC-EDAF-4D63-96C8-7B48EF7615C3}
		{06B21D4A-7480-4AD3-8112-B09B73B80573} = {19B2F7CC-EDAF-4D63-96C8-7B48EF7615C3}
		{5440F3E1-26AD-4355-875B-50ABF7484181} = {19B2F7CC-EDAF-4D63-96C8-7B48EF7615C3}
		{1E89D92C-7887-4ECA-8A06-F64F392F57C8} = {B679C529-9168-4DBA-B1E9-A2ACF41F73B9}
		{3CB562CE-264D-4883-8DB6-DE4782E2324E} = {B679C529-9168-4DBA-B1E9-A2ACF41F73B9}
		{70E472B0-B8F2-4EC6-9791-69379128DC90} = {63E8107F-6D88-4104-B877-0640262ACE32}
		{7DBAF057-8A9B-4EC2-B8FC-505978DA86DE} = {63E8107F-6D88-4104-B877-0640262ACE32}
	EndGlobalSection
	GlobalSection(ExtensibilityGlobals) = postSolution
		EnterpriseLibraryConfigurationToolBinariesPath = packages\Unity.2.1.505.0\lib\NET35
	EndGlobalSection
EndGlobal
