
Microsoft Visual Studio Solution File, Format Version 11.00
# Visual Studio 2010
Project("{2150E333-8FDC-42A3-9474-1A3956D46DE8}") = "Tests", "Tests", "{8EEFC35E-7566-4D96-93A7-87CD90AEA666}"
EndProject
Project("{FAE04EC0-301F-11D3-BF4B-00C04F79EFBC}") = "Webroot", "Webroot\Webroot.csproj", "{1DDF21A7-EEBA-492F-98A4-57D7C4D88A99}"
EndProject
Project("{2150E333-8FDC-42A3-9474-1A3956D46DE8}") = "Solution Items", "Solution Items", "{DFC14331-BCBC-42B9-8EE8-E781D24CEACF}"
	ProjectSection(SolutionItems) = preProject
		Local.testsettings = Local.testsettings
		Paragon.vsmdi = Paragon.vsmdi
		TraceAndTestImpact.testsettings = TraceAndTestImpact.testsettings
	EndProjectSection
EndProject
Project("{FAE04EC0-301F-11D3-BF4B-00C04F79EFBC}") = "Bennington.Core", "Bennington.Core\Bennington.Core.csproj", "{3DE65C2E-791C-4B05-815F-986782A5153A}"
EndProject
Project("{FAE04EC0-301F-11D3-BF4B-00C04F79EFBC}") = "Bennington.Core.Tests", "Bennington.Core.Tests\Bennington.Core.Tests.csproj", "{39B12768-97F9-4521-BD44-25C261CA3FFB}"
EndProject
Project("{FAE04EC0-301F-11D3-BF4B-00C04F79EFBC}") = "Bennington.Cms", "Bennington.Cms\Bennington.Cms.csproj", "{7516E4A6-54D1-437B-B14A-5EAA25D84730}"
EndProject
Project("{FAE04EC0-301F-11D3-BF4B-00C04F79EFBC}") = "Bennington.Cms.Tests", "Bennington.Cms.Tests\Bennington.Cms.Tests.csproj", "{474349E9-716F-4336-8BBC-4D62346731A7}"
EndProject
Project("{FAE04EC0-301F-11D3-BF4B-00C04F79EFBC}") = "Bennington.ContentTree", "Bennington.ContentTree\Bennington.ContentTree.csproj", "{97981EC9-A1C5-460E-9244-9D5C9169E47F}"
EndProject
Project("{FAE04EC0-301F-11D3-BF4B-00C04F79EFBC}") = "Bennington.ContentTree.Tests", "Bennington.ContentTree.Tests\Bennington.ContentTree.Tests.csproj", "{06B21D4A-7480-4AD3-8112-B09B73B80573}"
EndProject
Project("{FAE04EC0-301F-11D3-BF4B-00C04F79EFBC}") = "Bennington.ContentTree.Providers.ContentNodeProvider", "Bennington.ContentTree.Providers.ContentNodeProvider\Bennington.ContentTree.Providers.ContentNodeProvider.csproj", "{BA1AC304-5E93-4EE3-ACE1-E1E2DEC5C93D}"
EndProject
Project("{FAE04EC0-301F-11D3-BF4B-00C04F79EFBC}") = "Bennington.ContentTree.Providers.ContentNodeProvider.Tests", "Bennington.ContentTree.Providers.ContentNodeProvider.Tests\Bennington.ContentTree.Providers.ContentNodeProvider.Tests.csproj", "{F6D3D7F4-4970-4CA5-AFFD-D2D2E7B669EA}"
EndProject
Project("{FAE04EC0-301F-11D3-BF4B-00C04F79EFBC}") = "Bennington.ContentTree.Domain", "Bennington.ContentTree.Domain\Bennington.ContentTree.Domain.csproj", "{9F36EE92-6F9A-4C57-AA4B-81328423D0DA}"
EndProject
Project("{FAE04EC0-301F-11D3-BF4B-00C04F79EFBC}") = "Bennington.ContentTree.Providers.SectionNodeProvider", "Bennington.ContentTree.Providers.SectionNodeProvider\Bennington.ContentTree.Providers.SectionNodeProvider.csproj", "{F5B06173-0873-4E7E-BBD5-9F58D69E077F}"
EndProject
Project("{FAE04EC0-301F-11D3-BF4B-00C04F79EFBC}") = "Bennington.ContentTree.Providers.SectionNodeProvider.Tests", "Bennington.ContentTree.Providers.SectionNodeProvider.Tests\Bennington.ContentTree.Providers.SectionNodeProvider.Tests.csproj", "{1C063A2E-BFF8-4D6F-B213-DE61DF65B133}"
EndProject
Project("{FAE04EC0-301F-11D3-BF4B-00C04F79EFBC}") = "Bennington.ContentTree.TreeManager", "Bennington.ContentTree.TreeManager\Bennington.ContentTree.TreeManager.csproj", "{5440F3E1-26AD-4355-875B-50ABF7484181}"
EndProject
Project("{FAE04EC0-301F-11D3-BF4B-00C04F79EFBC}") = "Bennington.ContentTree.TreeManager.Tests", "Bennington.ContentTree.TreeManager.Tests\Bennington.ContentTree.TreeManager.Tests.csproj", "{EA7FC590-DDE5-47E6-B906-D5E6666F8F1F}"
EndProject
Project("{FAE04EC0-301F-11D3-BF4B-00C04F79EFBC}") = "Bennington.ContentTree.Providers.ToolLinkNodeProvider", "Bennington.ContentTree.Providers.ToolLinkNodeProvider\Bennington.ContentTree.Providers.ToolLinkNodeProvider.csproj", "{BD01E5D0-D160-4E39-B18B-61D2B375977B}"
EndProject
Project("{FAE04EC0-301F-11D3-BF4B-00C04F79EFBC}") = "Bennington.ContentTree.Providers.ToolLinkNodeProvider.Tests", "Bennington.ContentTree.Providers.ToolLinkNodeProvider.Tests\Bennington.ContentTree.Providers.ToolLinkNodeProvider.Tests.csproj", "{004B9AE0-CDE2-43B3-8BC2-BD5C6346F0DE}"
EndProject
Project("{FAE04EC0-301F-11D3-BF4B-00C04F79EFBC}") = "Bennington.ContentTree.Engines.ContactUs", "Bennington.ContentTree.Engines.ContactUs\Bennington.ContentTree.Engines.ContactUs.csproj", "{DB5F2BBF-B1AF-401C-A38B-ABBA2DDC8916}"
EndProject
Project("{FAE04EC0-301F-11D3-BF4B-00C04F79EFBC}") = "Bennington.ContentTree.Engines.Faq", "Bennington.ContentTree.Engines.Faq\Bennington.ContentTree.Engines.Faq.csproj", "{4924DADD-FF87-4044-991E-1127C336C150}"
EndProject
Project("{FAE04EC0-301F-11D3-BF4B-00C04F79EFBC}") = "Bennington.ContentTree.Engines.Homepage", "Bennington.ContentTree.Engines.Homepage\Bennington.ContentTree.Engines.Homepage.csproj", "{54C47F60-7C15-45DE-8927-EF4BFB8491A4}"
EndProject
Project("{FAE04EC0-301F-11D3-BF4B-00C04F79EFBC}") = "Bennington.Repository", "Bennington.Repository\Bennington.Repository.csproj", "{C46BBBB8-68BF-4A57-BE88-0734B26CD51C}"
EndProject
Project("{FAE04EC0-301F-11D3-BF4B-00C04F79EFBC}") = "Bennington.Repository.Tests", "Bennington.Repository.Tests\Bennington.Repository.Tests.csproj", "{267D9740-A5A4-4CDE-98CC-93653DA67982}"
EndProject
Global
	GlobalSection(TestCaseManagementSettings) = postSolution
		CategoryFile = Paragon.vsmdi
	EndGlobalSection
	GlobalSection(SolutionConfigurationPlatforms) = preSolution
		Debug|Any CPU = Debug|Any CPU
		Release|Any CPU = Release|Any CPU
	EndGlobalSection
	GlobalSection(ProjectConfigurationPlatforms) = postSolution
		{1DDF21A7-EEBA-492F-98A4-57D7C4D88A99}.Debug|Any CPU.ActiveCfg = Debug|Any CPU
		{1DDF21A7-EEBA-492F-98A4-57D7C4D88A99}.Debug|Any CPU.Build.0 = Debug|Any CPU
		{1DDF21A7-EEBA-492F-98A4-57D7C4D88A99}.Release|Any CPU.ActiveCfg = Release|Any CPU
		{1DDF21A7-EEBA-492F-98A4-57D7C4D88A99}.Release|Any CPU.Build.0 = Release|Any CPU
		{3DE65C2E-791C-4B05-815F-986782A5153A}.Debug|Any CPU.ActiveCfg = Debug|Any CPU
		{3DE65C2E-791C-4B05-815F-986782A5153A}.Debug|Any CPU.Build.0 = Debug|Any CPU
		{3DE65C2E-791C-4B05-815F-986782A5153A}.Release|Any CPU.ActiveCfg = Release|Any CPU
		{3DE65C2E-791C-4B05-815F-986782A5153A}.Release|Any CPU.Build.0 = Release|Any CPU
		{39B12768-97F9-4521-BD44-25C261CA3FFB}.Debug|Any CPU.ActiveCfg = Debug|Any CPU
		{39B12768-97F9-4521-BD44-25C261CA3FFB}.Debug|Any CPU.Build.0 = Debug|Any CPU
		{39B12768-97F9-4521-BD44-25C261CA3FFB}.Release|Any CPU.ActiveCfg = Release|Any CPU
		{39B12768-97F9-4521-BD44-25C261CA3FFB}.Release|Any CPU.Build.0 = Release|Any CPU
		{7516E4A6-54D1-437B-B14A-5EAA25D84730}.Debug|Any CPU.ActiveCfg = Debug|Any CPU
		{7516E4A6-54D1-437B-B14A-5EAA25D84730}.Debug|Any CPU.Build.0 = Debug|Any CPU
		{7516E4A6-54D1-437B-B14A-5EAA25D84730}.Release|Any CPU.ActiveCfg = Release|Any CPU
		{7516E4A6-54D1-437B-B14A-5EAA25D84730}.Release|Any CPU.Build.0 = Release|Any CPU
		{474349E9-716F-4336-8BBC-4D62346731A7}.Debug|Any CPU.ActiveCfg = Debug|Any CPU
		{474349E9-716F-4336-8BBC-4D62346731A7}.Debug|Any CPU.Build.0 = Debug|Any CPU
		{474349E9-716F-4336-8BBC-4D62346731A7}.Release|Any CPU.ActiveCfg = Release|Any CPU
		{474349E9-716F-4336-8BBC-4D62346731A7}.Release|Any CPU.Build.0 = Release|Any CPU
		{97981EC9-A1C5-460E-9244-9D5C9169E47F}.Debug|Any CPU.ActiveCfg = Debug|Any CPU
		{97981EC9-A1C5-460E-9244-9D5C9169E47F}.Debug|Any CPU.Build.0 = Debug|Any CPU
		{97981EC9-A1C5-460E-9244-9D5C9169E47F}.Release|Any CPU.ActiveCfg = Release|Any CPU
		{97981EC9-A1C5-460E-9244-9D5C9169E47F}.Release|Any CPU.Build.0 = Release|Any CPU
		{06B21D4A-7480-4AD3-8112-B09B73B80573}.Debug|Any CPU.ActiveCfg = Debug|Any CPU
		{06B21D4A-7480-4AD3-8112-B09B73B80573}.Debug|Any CPU.Build.0 = Debug|Any CPU
		{06B21D4A-7480-4AD3-8112-B09B73B80573}.Release|Any CPU.ActiveCfg = Release|Any CPU
		{06B21D4A-7480-4AD3-8112-B09B73B80573}.Release|Any CPU.Build.0 = Release|Any CPU
		{BA1AC304-5E93-4EE3-ACE1-E1E2DEC5C93D}.Debug|Any CPU.ActiveCfg = Debug|Any CPU
		{BA1AC304-5E93-4EE3-ACE1-E1E2DEC5C93D}.Debug|Any CPU.Build.0 = Debug|Any CPU
		{BA1AC304-5E93-4EE3-ACE1-E1E2DEC5C93D}.Release|Any CPU.ActiveCfg = Release|Any CPU
		{BA1AC304-5E93-4EE3-ACE1-E1E2DEC5C93D}.Release|Any CPU.Build.0 = Release|Any CPU
		{F6D3D7F4-4970-4CA5-AFFD-D2D2E7B669EA}.Debug|Any CPU.ActiveCfg = Debug|Any CPU
		{F6D3D7F4-4970-4CA5-AFFD-D2D2E7B669EA}.Debug|Any CPU.Build.0 = Debug|Any CPU
		{F6D3D7F4-4970-4CA5-AFFD-D2D2E7B669EA}.Release|Any CPU.ActiveCfg = Release|Any CPU
		{F6D3D7F4-4970-4CA5-AFFD-D2D2E7B669EA}.Release|Any CPU.Build.0 = Release|Any CPU
		{9F36EE92-6F9A-4C57-AA4B-81328423D0DA}.Debug|Any CPU.ActiveCfg = Debug|Any CPU
		{9F36EE92-6F9A-4C57-AA4B-81328423D0DA}.Debug|Any CPU.Build.0 = Debug|Any CPU
		{9F36EE92-6F9A-4C57-AA4B-81328423D0DA}.Release|Any CPU.ActiveCfg = Release|Any CPU
		{9F36EE92-6F9A-4C57-AA4B-81328423D0DA}.Release|Any CPU.Build.0 = Release|Any CPU
		{F5B06173-0873-4E7E-BBD5-9F58D69E077F}.Debug|Any CPU.ActiveCfg = Debug|Any CPU
		{F5B06173-0873-4E7E-BBD5-9F58D69E077F}.Debug|Any CPU.Build.0 = Debug|Any CPU
		{F5B06173-0873-4E7E-BBD5-9F58D69E077F}.Release|Any CPU.ActiveCfg = Release|Any CPU
		{F5B06173-0873-4E7E-BBD5-9F58D69E077F}.Release|Any CPU.Build.0 = Release|Any CPU
		{1C063A2E-BFF8-4D6F-B213-DE61DF65B133}.Debug|Any CPU.ActiveCfg = Debug|Any CPU
		{1C063A2E-BFF8-4D6F-B213-DE61DF65B133}.Debug|Any CPU.Build.0 = Debug|Any CPU
		{1C063A2E-BFF8-4D6F-B213-DE61DF65B133}.Release|Any CPU.ActiveCfg = Release|Any CPU
		{1C063A2E-BFF8-4D6F-B213-DE61DF65B133}.Release|Any CPU.Build.0 = Release|Any CPU
		{5440F3E1-26AD-4355-875B-50ABF7484181}.Debug|Any CPU.ActiveCfg = Debug|Any CPU
		{5440F3E1-26AD-4355-875B-50ABF7484181}.Debug|Any CPU.Build.0 = Debug|Any CPU
		{5440F3E1-26AD-4355-875B-50ABF7484181}.Release|Any CPU.ActiveCfg = Release|Any CPU
		{5440F3E1-26AD-4355-875B-50ABF7484181}.Release|Any CPU.Build.0 = Release|Any CPU
		{EA7FC590-DDE5-47E6-B906-D5E6666F8F1F}.Debug|Any CPU.ActiveCfg = Debug|Any CPU
		{EA7FC590-DDE5-47E6-B906-D5E6666F8F1F}.Debug|Any CPU.Build.0 = Debug|Any CPU
		{EA7FC590-DDE5-47E6-B906-D5E6666F8F1F}.Release|Any CPU.ActiveCfg = Release|Any CPU
		{EA7FC590-DDE5-47E6-B906-D5E6666F8F1F}.Release|Any CPU.Build.0 = Release|Any CPU
		{BD01E5D0-D160-4E39-B18B-61D2B375977B}.Debug|Any CPU.ActiveCfg = Debug|Any CPU
		{BD01E5D0-D160-4E39-B18B-61D2B375977B}.Debug|Any CPU.Build.0 = Debug|Any CPU
		{BD01E5D0-D160-4E39-B18B-61D2B375977B}.Release|Any CPU.ActiveCfg = Release|Any CPU
		{BD01E5D0-D160-4E39-B18B-61D2B375977B}.Release|Any CPU.Build.0 = Release|Any CPU
		{004B9AE0-CDE2-43B3-8BC2-BD5C6346F0DE}.Debug|Any CPU.ActiveCfg = Debug|Any CPU
		{004B9AE0-CDE2-43B3-8BC2-BD5C6346F0DE}.Debug|Any CPU.Build.0 = Debug|Any CPU
		{004B9AE0-CDE2-43B3-8BC2-BD5C6346F0DE}.Release|Any CPU.ActiveCfg = Release|Any CPU
		{004B9AE0-CDE2-43B3-8BC2-BD5C6346F0DE}.Release|Any CPU.Build.0 = Release|Any CPU
		{DB5F2BBF-B1AF-401C-A38B-ABBA2DDC8916}.Debug|Any CPU.ActiveCfg = Debug|Any CPU
		{DB5F2BBF-B1AF-401C-A38B-ABBA2DDC8916}.Debug|Any CPU.Build.0 = Debug|Any CPU
		{DB5F2BBF-B1AF-401C-A38B-ABBA2DDC8916}.Release|Any CPU.ActiveCfg = Release|Any CPU
		{DB5F2BBF-B1AF-401C-A38B-ABBA2DDC8916}.Release|Any CPU.Build.0 = Release|Any CPU
		{4924DADD-FF87-4044-991E-1127C336C150}.Debug|Any CPU.ActiveCfg = Debug|Any CPU
		{4924DADD-FF87-4044-991E-1127C336C150}.Debug|Any CPU.Build.0 = Debug|Any CPU
		{4924DADD-FF87-4044-991E-1127C336C150}.Release|Any CPU.ActiveCfg = Release|Any CPU
		{4924DADD-FF87-4044-991E-1127C336C150}.Release|Any CPU.Build.0 = Release|Any CPU
		{54C47F60-7C15-45DE-8927-EF4BFB8491A4}.Debug|Any CPU.ActiveCfg = Debug|Any CPU
		{54C47F60-7C15-45DE-8927-EF4BFB8491A4}.Debug|Any CPU.Build.0 = Debug|Any CPU
		{54C47F60-7C15-45DE-8927-EF4BFB8491A4}.Release|Any CPU.ActiveCfg = Release|Any CPU
		{54C47F60-7C15-45DE-8927-EF4BFB8491A4}.Release|Any CPU.Build.0 = Release|Any CPU
		{C46BBBB8-68BF-4A57-BE88-0734B26CD51C}.Debug|Any CPU.ActiveCfg = Debug|Any CPU
		{C46BBBB8-68BF-4A57-BE88-0734B26CD51C}.Debug|Any CPU.Build.0 = Debug|Any CPU
		{C46BBBB8-68BF-4A57-BE88-0734B26CD51C}.Release|Any CPU.ActiveCfg = Release|Any CPU
		{C46BBBB8-68BF-4A57-BE88-0734B26CD51C}.Release|Any CPU.Build.0 = Release|Any CPU
		{267D9740-A5A4-4CDE-98CC-93653DA67982}.Debug|Any CPU.ActiveCfg = Debug|Any CPU
		{267D9740-A5A4-4CDE-98CC-93653DA67982}.Debug|Any CPU.Build.0 = Debug|Any CPU
		{267D9740-A5A4-4CDE-98CC-93653DA67982}.Release|Any CPU.ActiveCfg = Release|Any CPU
		{267D9740-A5A4-4CDE-98CC-93653DA67982}.Release|Any CPU.Build.0 = Release|Any CPU
	EndGlobalSection
	GlobalSection(SolutionProperties) = preSolution
		HideSolutionNode = FALSE
	EndGlobalSection
	GlobalSection(NestedProjects) = preSolution
		{DFC14331-BCBC-42B9-8EE8-E781D24CEACF} = {8EEFC35E-7566-4D96-93A7-87CD90AEA666}
		{39B12768-97F9-4521-BD44-25C261CA3FFB} = {8EEFC35E-7566-4D96-93A7-87CD90AEA666}
		{474349E9-716F-4336-8BBC-4D62346731A7} = {8EEFC35E-7566-4D96-93A7-87CD90AEA666}
		{06B21D4A-7480-4AD3-8112-B09B73B80573} = {8EEFC35E-7566-4D96-93A7-87CD90AEA666}
		{F6D3D7F4-4970-4CA5-AFFD-D2D2E7B669EA} = {8EEFC35E-7566-4D96-93A7-87CD90AEA666}
		{1C063A2E-BFF8-4D6F-B213-DE61DF65B133} = {8EEFC35E-7566-4D96-93A7-87CD90AEA666}
		{EA7FC590-DDE5-47E6-B906-D5E6666F8F1F} = {8EEFC35E-7566-4D96-93A7-87CD90AEA666}
		{004B9AE0-CDE2-43B3-8BC2-BD5C6346F0DE} = {8EEFC35E-7566-4D96-93A7-87CD90AEA666}
		{267D9740-A5A4-4CDE-98CC-93653DA67982} = {8EEFC35E-7566-4D96-93A7-87CD90AEA666}
	EndGlobalSection
EndGlobal
