
Microsoft Visual Studio Solution File, Format Version 11.00
# Visual Studio 2010
Project("{FAE04EC0-301F-11D3-BF4B-00C04F79EFBC}") = "Bennington.Repository", "Bennington.Repository\Bennington.Repository.csproj", "{C46BBBB8-68BF-4A57-BE88-0734B26CD51C}"
EndProject
Project("{FAE04EC0-301F-11D3-BF4B-00C04F79EFBC}") = "Bennington.Cms", "Bennington.Cms\Bennington.Cms.csproj", "{FF8F2B28-E0B8-4B6E-92C2-A8FFD0A68C8A}"
EndProject
Project("{FAE04EC0-301F-11D3-BF4B-00C04F79EFBC}") = "Bennington.Core", "Bennington.Core\Bennington.Core.csproj", "{AAB424EE-5CFA-42BE-9F9A-2350C5C8E715}"
EndProject
Project("{FAE04EC0-301F-11D3-BF4B-00C04F79EFBC}") = "SampleApp", "SampleApp\SampleApp.csproj", "{796D8BB9-A4C1-4AB8-A877-605860129243}"
EndProject
Project("{FAE04EC0-301F-11D3-BF4B-00C04F79EFBC}") = "Bennington.Cms.Tests", "Bennington.Cms.Tests\Bennington.Cms.Tests.csproj", "{474349E9-716F-4336-8BBC-4D62346731A7}"
EndProject
Project("{FAE04EC0-301F-11D3-BF4B-00C04F79EFBC}") = "Bennington.AdminAccounts.Specs", "Bennington.AdminAccounts.Specs\Bennington.AdminAccounts.Specs.csproj", "{1E89D92C-7887-4ECA-8A06-F64F392F57C8}"
EndProject
Project("{FAE04EC0-301F-11D3-BF4B-00C04F79EFBC}") = "Bennington.Login", "Bennington.Login\Bennington.Login.csproj", "{7DBAF057-8A9B-4EC2-B8FC-505978DA86DE}"
EndProject
Project("{FAE04EC0-301F-11D3-BF4B-00C04F79EFBC}") = "Bennington.AdminAccounts", "Bennington.AdminAccounts\Bennington.AdminAccounts.csproj", "{3CB562CE-264D-4883-8DB6-DE4782E2324E}"
EndProject
Project("{FAE04EC0-301F-11D3-BF4B-00C04F79EFBC}") = "Bennington.Login.Tests", "Bennington.Login.Tests\Bennington.Login.Tests.csproj", "{70E472B0-B8F2-4EC6-9791-69379128DC90}"
EndProject
Project("{FAE04EC0-301F-11D3-BF4B-00C04F79EFBC}") = "SampleContentWebsite", "SampleContentWebsite\SampleContentWebsite.csproj", "{AB40D462-89CE-4357-AF08-D33B36FCE7C2}"
EndProject
Project("{FAE04EC0-301F-11D3-BF4B-00C04F79EFBC}") = "Bennington.ContentTree", "Bennington.ContentTree\Bennington.ContentTree.csproj", "{97981EC9-A1C5-460E-9244-9D5C9169E47F}"
EndProject
Project("{FAE04EC0-301F-11D3-BF4B-00C04F79EFBC}") = "Bennington.ContentTree.Tests", "Bennington.ContentTree.Tests\Bennington.ContentTree.Tests.csproj", "{06B21D4A-7480-4AD3-8112-B09B73B80573}"
EndProject
Project("{FAE04EC0-301F-11D3-BF4B-00C04F79EFBC}") = "Bennington.ContentTree.Domain", "Bennington.ContentTree.Domain\Bennington.ContentTree.Domain.csproj", "{9F36EE92-6F9A-4C57-AA4B-81328423D0DA}"
EndProject
Project("{FAE04EC0-301F-11D3-BF4B-00C04F79EFBC}") = "Bennington.ContentTree.Providers.ContentNodeProvider", "Bennington.ContentTree.Providers.ContentNodeProvider\Bennington.ContentTree.Providers.ContentNodeProvider.csproj", "{BA1AC304-5E93-4EE3-ACE1-E1E2DEC5C93D}"
EndProject
Project("{FAE04EC0-301F-11D3-BF4B-00C04F79EFBC}") = "Bennington.ContentTree.Providers.ContentNodeProvider.Tests", "Bennington.ContentTree.Providers.ContentNodeProvider.Tests\Bennington.ContentTree.Providers.ContentNodeProvider.Tests.csproj", "{F6D3D7F4-4970-4CA5-AFFD-D2D2E7B669EA}"
EndProject
Project("{FAE04EC0-301F-11D3-BF4B-00C04F79EFBC}") = "Bennington.ContentTree.TreeManager", "Bennington.ContentTree.TreeManager\Bennington.ContentTree.TreeManager.csproj", "{5440F3E1-26AD-4355-875B-50ABF7484181}"
EndProject
Project("{FAE04EC0-301F-11D3-BF4B-00C04F79EFBC}") = "Bennington.ContentTree.TreeManager.Tests", "Bennington.ContentTree.TreeManager.Tests\Bennington.ContentTree.TreeManager.Tests.csproj", "{EA7FC590-DDE5-47E6-B906-D5E6666F8F1F}"
EndProject
Project("{FAE04EC0-301F-11D3-BF4B-00C04F79EFBC}") = "Bennington.ContentTree.Providers.SectionNodeProvider", "Bennington.ContentTree.Providers.SectionNodeProvider\Bennington.ContentTree.Providers.SectionNodeProvider.csproj", "{F5B06173-0873-4E7E-BBD5-9F58D69E077F}"
EndProject
Project("{FAE04EC0-301F-11D3-BF4B-00C04F79EFBC}") = "Bennington.ContentTree.Providers.SectionNodeProvider.Tests", "Bennington.ContentTree.Providers.SectionNodeProvider.Tests\Bennington.ContentTree.Providers.SectionNodeProvider.Tests.csproj", "{1C063A2E-BFF8-4D6F-B213-DE61DF65B133}"
EndProject
Global
	GlobalSection(TestCaseManagementSettings) = postSolution
		CategoryFile = Paragon.vsmdi
	EndGlobalSection
	GlobalSection(SolutionConfigurationPlatforms) = preSolution
		Debug|Any CPU = Debug|Any CPU
		Release|Any CPU = Release|Any CPU
	EndGlobalSection
	GlobalSection(ProjectConfigurationPlatforms) = postSolution
		{C46BBBB8-68BF-4A57-BE88-0734B26CD51C}.Debug|Any CPU.ActiveCfg = Debug|Any CPU
		{C46BBBB8-68BF-4A57-BE88-0734B26CD51C}.Debug|Any CPU.Build.0 = Debug|Any CPU
		{C46BBBB8-68BF-4A57-BE88-0734B26CD51C}.Release|Any CPU.ActiveCfg = Release|Any CPU
		{C46BBBB8-68BF-4A57-BE88-0734B26CD51C}.Release|Any CPU.Build.0 = Release|Any CPU
		{FF8F2B28-E0B8-4B6E-92C2-A8FFD0A68C8A}.Debug|Any CPU.ActiveCfg = Debug|Any CPU
		{FF8F2B28-E0B8-4B6E-92C2-A8FFD0A68C8A}.Debug|Any CPU.Build.0 = Debug|Any CPU
		{FF8F2B28-E0B8-4B6E-92C2-A8FFD0A68C8A}.Release|Any CPU.ActiveCfg = Release|Any CPU
		{FF8F2B28-E0B8-4B6E-92C2-A8FFD0A68C8A}.Release|Any CPU.Build.0 = Release|Any CPU
		{AAB424EE-5CFA-42BE-9F9A-2350C5C8E715}.Debug|Any CPU.ActiveCfg = Debug|Any CPU
		{AAB424EE-5CFA-42BE-9F9A-2350C5C8E715}.Debug|Any CPU.Build.0 = Debug|Any CPU
		{AAB424EE-5CFA-42BE-9F9A-2350C5C8E715}.Release|Any CPU.ActiveCfg = Release|Any CPU
		{AAB424EE-5CFA-42BE-9F9A-2350C5C8E715}.Release|Any CPU.Build.0 = Release|Any CPU
		{796D8BB9-A4C1-4AB8-A877-605860129243}.Debug|Any CPU.ActiveCfg = Debug|Any CPU
		{796D8BB9-A4C1-4AB8-A877-605860129243}.Debug|Any CPU.Build.0 = Debug|Any CPU
		{796D8BB9-A4C1-4AB8-A877-605860129243}.Release|Any CPU.ActiveCfg = Release|Any CPU
		{796D8BB9-A4C1-4AB8-A877-605860129243}.Release|Any CPU.Build.0 = Release|Any CPU
		{474349E9-716F-4336-8BBC-4D62346731A7}.Debug|Any CPU.ActiveCfg = Debug|Any CPU
		{474349E9-716F-4336-8BBC-4D62346731A7}.Debug|Any CPU.Build.0 = Debug|Any CPU
		{474349E9-716F-4336-8BBC-4D62346731A7}.Release|Any CPU.ActiveCfg = Release|Any CPU
		{474349E9-716F-4336-8BBC-4D62346731A7}.Release|Any CPU.Build.0 = Release|Any CPU
		{1E89D92C-7887-4ECA-8A06-F64F392F57C8}.Debug|Any CPU.ActiveCfg = Debug|Any CPU
		{1E89D92C-7887-4ECA-8A06-F64F392F57C8}.Debug|Any CPU.Build.0 = Debug|Any CPU
		{1E89D92C-7887-4ECA-8A06-F64F392F57C8}.Release|Any CPU.ActiveCfg = Release|Any CPU
		{1E89D92C-7887-4ECA-8A06-F64F392F57C8}.Release|Any CPU.Build.0 = Release|Any CPU
		{7DBAF057-8A9B-4EC2-B8FC-505978DA86DE}.Debug|Any CPU.ActiveCfg = Debug|Any CPU
		{7DBAF057-8A9B-4EC2-B8FC-505978DA86DE}.Debug|Any CPU.Build.0 = Debug|Any CPU
		{7DBAF057-8A9B-4EC2-B8FC-505978DA86DE}.Release|Any CPU.ActiveCfg = Release|Any CPU
		{7DBAF057-8A9B-4EC2-B8FC-505978DA86DE}.Release|Any CPU.Build.0 = Release|Any CPU
		{3CB562CE-264D-4883-8DB6-DE4782E2324E}.Debug|Any CPU.ActiveCfg = Debug|Any CPU
		{3CB562CE-264D-4883-8DB6-DE4782E2324E}.Debug|Any CPU.Build.0 = Debug|Any CPU
		{3CB562CE-264D-4883-8DB6-DE4782E2324E}.Release|Any CPU.ActiveCfg = Release|Any CPU
		{3CB562CE-264D-4883-8DB6-DE4782E2324E}.Release|Any CPU.Build.0 = Release|Any CPU
		{70E472B0-B8F2-4EC6-9791-69379128DC90}.Debug|Any CPU.ActiveCfg = Debug|Any CPU
		{70E472B0-B8F2-4EC6-9791-69379128DC90}.Debug|Any CPU.Build.0 = Debug|Any CPU
		{70E472B0-B8F2-4EC6-9791-69379128DC90}.Release|Any CPU.ActiveCfg = Release|Any CPU
		{70E472B0-B8F2-4EC6-9791-69379128DC90}.Release|Any CPU.Build.0 = Release|Any CPU
		{AB40D462-89CE-4357-AF08-D33B36FCE7C2}.Debug|Any CPU.ActiveCfg = Debug|Any CPU
		{AB40D462-89CE-4357-AF08-D33B36FCE7C2}.Debug|Any CPU.Build.0 = Debug|Any CPU
		{AB40D462-89CE-4357-AF08-D33B36FCE7C2}.Release|Any CPU.ActiveCfg = Release|Any CPU
		{AB40D462-89CE-4357-AF08-D33B36FCE7C2}.Release|Any CPU.Build.0 = Release|Any CPU
		{97981EC9-A1C5-460E-9244-9D5C9169E47F}.Debug|Any CPU.ActiveCfg = Debug|Any CPU
		{97981EC9-A1C5-460E-9244-9D5C9169E47F}.Debug|Any CPU.Build.0 = Debug|Any CPU
		{97981EC9-A1C5-460E-9244-9D5C9169E47F}.Release|Any CPU.ActiveCfg = Release|Any CPU
		{97981EC9-A1C5-460E-9244-9D5C9169E47F}.Release|Any CPU.Build.0 = Release|Any CPU
		{06B21D4A-7480-4AD3-8112-B09B73B80573}.Debug|Any CPU.ActiveCfg = Debug|Any CPU
		{06B21D4A-7480-4AD3-8112-B09B73B80573}.Debug|Any CPU.Build.0 = Debug|Any CPU
		{06B21D4A-7480-4AD3-8112-B09B73B80573}.Release|Any CPU.ActiveCfg = Release|Any CPU
		{06B21D4A-7480-4AD3-8112-B09B73B80573}.Release|Any CPU.Build.0 = Release|Any CPU
		{9F36EE92-6F9A-4C57-AA4B-81328423D0DA}.Debug|Any CPU.ActiveCfg = Debug|Any CPU
		{9F36EE92-6F9A-4C57-AA4B-81328423D0DA}.Debug|Any CPU.Build.0 = Debug|Any CPU
		{9F36EE92-6F9A-4C57-AA4B-81328423D0DA}.Release|Any CPU.ActiveCfg = Release|Any CPU
		{9F36EE92-6F9A-4C57-AA4B-81328423D0DA}.Release|Any CPU.Build.0 = Release|Any CPU
		{BA1AC304-5E93-4EE3-ACE1-E1E2DEC5C93D}.Debug|Any CPU.ActiveCfg = Debug|Any CPU
		{BA1AC304-5E93-4EE3-ACE1-E1E2DEC5C93D}.Debug|Any CPU.Build.0 = Debug|Any CPU
		{BA1AC304-5E93-4EE3-ACE1-E1E2DEC5C93D}.Release|Any CPU.ActiveCfg = Release|Any CPU
		{BA1AC304-5E93-4EE3-ACE1-E1E2DEC5C93D}.Release|Any CPU.Build.0 = Release|Any CPU
		{F6D3D7F4-4970-4CA5-AFFD-D2D2E7B669EA}.Debug|Any CPU.ActiveCfg = Debug|Any CPU
		{F6D3D7F4-4970-4CA5-AFFD-D2D2E7B669EA}.Debug|Any CPU.Build.0 = Debug|Any CPU
		{F6D3D7F4-4970-4CA5-AFFD-D2D2E7B669EA}.Release|Any CPU.ActiveCfg = Release|Any CPU
		{F6D3D7F4-4970-4CA5-AFFD-D2D2E7B669EA}.Release|Any CPU.Build.0 = Release|Any CPU
		{5440F3E1-26AD-4355-875B-50ABF7484181}.Debug|Any CPU.ActiveCfg = Debug|Any CPU
		{5440F3E1-26AD-4355-875B-50ABF7484181}.Debug|Any CPU.Build.0 = Debug|Any CPU
		{5440F3E1-26AD-4355-875B-50ABF7484181}.Release|Any CPU.ActiveCfg = Release|Any CPU
		{5440F3E1-26AD-4355-875B-50ABF7484181}.Release|Any CPU.Build.0 = Release|Any CPU
		{EA7FC590-DDE5-47E6-B906-D5E6666F8F1F}.Debug|Any CPU.ActiveCfg = Debug|Any CPU
		{EA7FC590-DDE5-47E6-B906-D5E6666F8F1F}.Debug|Any CPU.Build.0 = Debug|Any CPU
		{EA7FC590-DDE5-47E6-B906-D5E6666F8F1F}.Release|Any CPU.ActiveCfg = Release|Any CPU
		{EA7FC590-DDE5-47E6-B906-D5E6666F8F1F}.Release|Any CPU.Build.0 = Release|Any CPU
		{F5B06173-0873-4E7E-BBD5-9F58D69E077F}.Debug|Any CPU.ActiveCfg = Debug|Any CPU
		{F5B06173-0873-4E7E-BBD5-9F58D69E077F}.Debug|Any CPU.Build.0 = Debug|Any CPU
		{F5B06173-0873-4E7E-BBD5-9F58D69E077F}.Release|Any CPU.ActiveCfg = Release|Any CPU
		{F5B06173-0873-4E7E-BBD5-9F58D69E077F}.Release|Any CPU.Build.0 = Release|Any CPU
		{1C063A2E-BFF8-4D6F-B213-DE61DF65B133}.Debug|Any CPU.ActiveCfg = Debug|Any CPU
		{1C063A2E-BFF8-4D6F-B213-DE61DF65B133}.Debug|Any CPU.Build.0 = Debug|Any CPU
		{1C063A2E-BFF8-4D6F-B213-DE61DF65B133}.Release|Any CPU.ActiveCfg = Release|Any CPU
		{1C063A2E-BFF8-4D6F-B213-DE61DF65B133}.Release|Any CPU.Build.0 = Release|Any CPU
	EndGlobalSection
	GlobalSection(SolutionProperties) = preSolution
		HideSolutionNode = FALSE
	EndGlobalSection
EndGlobal
