
Microsoft Visual Studio Solution File, Format Version 11.00
# Visual Studio 2010
Project("{FAE04EC0-301F-11D3-BF4B-00C04F79EFBC}") = "Webroot", "WEBMODEL\Webroot.csproj", "{1DDF21A7-EEBA-492F-98A4-57D7C4D88A99}"
EndProject
Project("{FAE04EC0-301F-11D3-BF4B-00C04F79EFBC}") = "Paragon.Core", "Paragon.Core\Paragon.Core.csproj", "{3DE65C2E-791C-4B05-815F-986782A5153A}"
EndProject
Project("{FAE04EC0-301F-11D3-BF4B-00C04F79EFBC}") = "Paragon.ContentTree", "Paragon.ContentTree\Paragon.ContentTree.csproj", "{97981EC9-A1C5-460E-9244-9D5C9169E47F}"
EndProject
Project("{FAE04EC0-301F-11D3-BF4B-00C04F79EFBC}") = "Paragon.ContentTree.Routing", "Paragon.Pages\Paragon.ContentTree.Routing.csproj", "{19D2FC38-0EA3-4501-8297-A48C3923ED77}"
EndProject
Project("{FAE04EC0-301F-11D3-BF4B-00C04F79EFBC}") = "Paragon.ContentTree.SectionNodeProvider", "Paragon.ContentTreeSectionNodeProvider\Paragon.ContentTree.SectionNodeProvider.csproj", "{F5B06173-0873-4E7E-BBD5-9F58D69E077F}"
EndProject
Project("{FAE04EC0-301F-11D3-BF4B-00C04F79EFBC}") = "_ContentTreeContactUsNodeProvider", "ContentTreeContactUsNodeProvider\ContentTreeContactUsNodeProvider\_ContentTreeContactUsNodeProvider.csproj", "{41C30A0E-6C5E-48F1-9DCC-998456ED21CD}"
EndProject
Project("{FAE04EC0-301F-11D3-BF4B-00C04F79EFBC}") = "Paragon.Cms", "Paragon.Cms\Paragon.Cms.csproj", "{7516E4A6-54D1-437B-B14A-5EAA25D84730}"
EndProject
Project("{2150E333-8FDC-42A3-9474-1A3956D46DE8}") = "Tests", "Tests", "{8EEFC35E-7566-4D96-93A7-87CD90AEA666}"
EndProject
Project("{FAE04EC0-301F-11D3-BF4B-00C04F79EFBC}") = "Paragon.Cms.Tests", "Tests\Paragon.Cms.Tests\Paragon.Cms.Tests.csproj", "{474349E9-716F-4336-8BBC-4D62346731A7}"
EndProject
Project("{FAE04EC0-301F-11D3-BF4B-00C04F79EFBC}") = "Paragon.ContentTree.Tests", "Tests\Paragon.ContentTree.Tests\Paragon.ContentTree.Tests.csproj", "{06B21D4A-7480-4AD3-8112-B09B73B80573}"
EndProject
Project("{FAE04EC0-301F-11D3-BF4B-00C04F79EFBC}") = "Paragon.Pages.Tests", "Tests\Paragon.Pages.Tests\Paragon.Pages.Tests.csproj", "{B74F5BA4-3C1D-4B62-9858-C50B35B0DDB8}"
EndProject
Project("{FAE04EC0-301F-11D3-BF4B-00C04F79EFBC}") = "Paragon.Core.Tests", "Tests\Paragon.Core.Tests\Paragon.Core.Tests.csproj", "{39B12768-97F9-4521-BD44-25C261CA3FFB}"
EndProject
Project("{FAE04EC0-301F-11D3-BF4B-00C04F79EFBC}") = "Paragon.ContentTree.ContentNodeProvider", "Paragon.ContentTree.ContentNodeProvider\Paragon.ContentTree.ContentNodeProvider.csproj", "{BA1AC304-5E93-4EE3-ACE1-E1E2DEC5C93D}"
EndProject
Project("{FAE04EC0-301F-11D3-BF4B-00C04F79EFBC}") = "Paragon.ContentTree.ContentNodeProvider.Tests", "Paragon.ContentTree.ContentNodeProvider.Tests\Paragon.ContentTree.ContentNodeProvider.Tests.csproj", "{F6D3D7F4-4970-4CA5-AFFD-D2D2E7B669EA}"
EndProject
Global
	GlobalSection(SolutionConfigurationPlatforms) = preSolution
		Debug|Any CPU = Debug|Any CPU
		Release|Any CPU = Release|Any CPU
	EndGlobalSection
	GlobalSection(ProjectConfigurationPlatforms) = postSolution
		{1DDF21A7-EEBA-492F-98A4-57D7C4D88A99}.Debug|Any CPU.ActiveCfg = Debug|Any CPU
		{1DDF21A7-EEBA-492F-98A4-57D7C4D88A99}.Debug|Any CPU.Build.0 = Debug|Any CPU
		{1DDF21A7-EEBA-492F-98A4-57D7C4D88A99}.Release|Any CPU.ActiveCfg = Release|Any CPU
		{1DDF21A7-EEBA-492F-98A4-57D7C4D88A99}.Release|Any CPU.Build.0 = Release|Any CPU
		{3DE65C2E-791C-4B05-815F-986782A5153A}.Debug|Any CPU.ActiveCfg = Debug|Any CPU
		{3DE65C2E-791C-4B05-815F-986782A5153A}.Debug|Any CPU.Build.0 = Debug|Any CPU
		{3DE65C2E-791C-4B05-815F-986782A5153A}.Release|Any CPU.ActiveCfg = Release|Any CPU
		{3DE65C2E-791C-4B05-815F-986782A5153A}.Release|Any CPU.Build.0 = Release|Any CPU
		{97981EC9-A1C5-460E-9244-9D5C9169E47F}.Debug|Any CPU.ActiveCfg = Debug|Any CPU
		{97981EC9-A1C5-460E-9244-9D5C9169E47F}.Debug|Any CPU.Build.0 = Debug|Any CPU
		{97981EC9-A1C5-460E-9244-9D5C9169E47F}.Release|Any CPU.ActiveCfg = Release|Any CPU
		{97981EC9-A1C5-460E-9244-9D5C9169E47F}.Release|Any CPU.Build.0 = Release|Any CPU
		{19D2FC38-0EA3-4501-8297-A48C3923ED77}.Debug|Any CPU.ActiveCfg = Debug|Any CPU
		{19D2FC38-0EA3-4501-8297-A48C3923ED77}.Debug|Any CPU.Build.0 = Debug|Any CPU
		{19D2FC38-0EA3-4501-8297-A48C3923ED77}.Release|Any CPU.ActiveCfg = Release|Any CPU
		{19D2FC38-0EA3-4501-8297-A48C3923ED77}.Release|Any CPU.Build.0 = Release|Any CPU
		{F5B06173-0873-4E7E-BBD5-9F58D69E077F}.Debug|Any CPU.ActiveCfg = Debug|Any CPU
		{F5B06173-0873-4E7E-BBD5-9F58D69E077F}.Debug|Any CPU.Build.0 = Debug|Any CPU
		{F5B06173-0873-4E7E-BBD5-9F58D69E077F}.Release|Any CPU.ActiveCfg = Release|Any CPU
		{F5B06173-0873-4E7E-BBD5-9F58D69E077F}.Release|Any CPU.Build.0 = Release|Any CPU
		{41C30A0E-6C5E-48F1-9DCC-998456ED21CD}.Debug|Any CPU.ActiveCfg = Debug|Any CPU
		{41C30A0E-6C5E-48F1-9DCC-998456ED21CD}.Debug|Any CPU.Build.0 = Debug|Any CPU
		{41C30A0E-6C5E-48F1-9DCC-998456ED21CD}.Release|Any CPU.ActiveCfg = Release|Any CPU
		{41C30A0E-6C5E-48F1-9DCC-998456ED21CD}.Release|Any CPU.Build.0 = Release|Any CPU
		{7516E4A6-54D1-437B-B14A-5EAA25D84730}.Debug|Any CPU.ActiveCfg = Debug|Any CPU
		{7516E4A6-54D1-437B-B14A-5EAA25D84730}.Debug|Any CPU.Build.0 = Debug|Any CPU
		{7516E4A6-54D1-437B-B14A-5EAA25D84730}.Release|Any CPU.ActiveCfg = Release|Any CPU
		{7516E4A6-54D1-437B-B14A-5EAA25D84730}.Release|Any CPU.Build.0 = Release|Any CPU
		{474349E9-716F-4336-8BBC-4D62346731A7}.Debug|Any CPU.ActiveCfg = Debug|Any CPU
		{474349E9-716F-4336-8BBC-4D62346731A7}.Debug|Any CPU.Build.0 = Debug|Any CPU
		{474349E9-716F-4336-8BBC-4D62346731A7}.Release|Any CPU.ActiveCfg = Release|Any CPU
		{474349E9-716F-4336-8BBC-4D62346731A7}.Release|Any CPU.Build.0 = Release|Any CPU
		{06B21D4A-7480-4AD3-8112-B09B73B80573}.Debug|Any CPU.ActiveCfg = Debug|Any CPU
		{06B21D4A-7480-4AD3-8112-B09B73B80573}.Debug|Any CPU.Build.0 = Debug|Any CPU
		{06B21D4A-7480-4AD3-8112-B09B73B80573}.Release|Any CPU.ActiveCfg = Release|Any CPU
		{06B21D4A-7480-4AD3-8112-B09B73B80573}.Release|Any CPU.Build.0 = Release|Any CPU
		{B74F5BA4-3C1D-4B62-9858-C50B35B0DDB8}.Debug|Any CPU.ActiveCfg = Debug|Any CPU
		{B74F5BA4-3C1D-4B62-9858-C50B35B0DDB8}.Debug|Any CPU.Build.0 = Debug|Any CPU
		{B74F5BA4-3C1D-4B62-9858-C50B35B0DDB8}.Release|Any CPU.ActiveCfg = Release|Any CPU
		{B74F5BA4-3C1D-4B62-9858-C50B35B0DDB8}.Release|Any CPU.Build.0 = Release|Any CPU
		{39B12768-97F9-4521-BD44-25C261CA3FFB}.Debug|Any CPU.ActiveCfg = Debug|Any CPU
		{39B12768-97F9-4521-BD44-25C261CA3FFB}.Debug|Any CPU.Build.0 = Debug|Any CPU
		{39B12768-97F9-4521-BD44-25C261CA3FFB}.Release|Any CPU.ActiveCfg = Release|Any CPU
		{39B12768-97F9-4521-BD44-25C261CA3FFB}.Release|Any CPU.Build.0 = Release|Any CPU
		{BA1AC304-5E93-4EE3-ACE1-E1E2DEC5C93D}.Debug|Any CPU.ActiveCfg = Debug|Any CPU
		{BA1AC304-5E93-4EE3-ACE1-E1E2DEC5C93D}.Debug|Any CPU.Build.0 = Debug|Any CPU
		{BA1AC304-5E93-4EE3-ACE1-E1E2DEC5C93D}.Release|Any CPU.ActiveCfg = Release|Any CPU
		{BA1AC304-5E93-4EE3-ACE1-E1E2DEC5C93D}.Release|Any CPU.Build.0 = Release|Any CPU
		{F6D3D7F4-4970-4CA5-AFFD-D2D2E7B669EA}.Debug|Any CPU.ActiveCfg = Debug|Any CPU
		{F6D3D7F4-4970-4CA5-AFFD-D2D2E7B669EA}.Debug|Any CPU.Build.0 = Debug|Any CPU
		{F6D3D7F4-4970-4CA5-AFFD-D2D2E7B669EA}.Release|Any CPU.ActiveCfg = Release|Any CPU
		{F6D3D7F4-4970-4CA5-AFFD-D2D2E7B669EA}.Release|Any CPU.Build.0 = Release|Any CPU
	EndGlobalSection
	GlobalSection(SolutionProperties) = preSolution
		HideSolutionNode = FALSE
	EndGlobalSection
	GlobalSection(NestedProjects) = preSolution
		{474349E9-716F-4336-8BBC-4D62346731A7} = {8EEFC35E-7566-4D96-93A7-87CD90AEA666}
		{06B21D4A-7480-4AD3-8112-B09B73B80573} = {8EEFC35E-7566-4D96-93A7-87CD90AEA666}
		{B74F5BA4-3C1D-4B62-9858-C50B35B0DDB8} = {8EEFC35E-7566-4D96-93A7-87CD90AEA666}
		{39B12768-97F9-4521-BD44-25C261CA3FFB} = {8EEFC35E-7566-4D96-93A7-87CD90AEA666}
		{F6D3D7F4-4970-4CA5-AFFD-D2D2E7B669EA} = {8EEFC35E-7566-4D96-93A7-87CD90AEA666}
	EndGlobalSection
EndGlobal
